
Microsoft Visual Studio Solution File, Format Version 12.00
# Visual Studio Version 17
VisualStudioVersion = 17.6.33829.357
MinimumVisualStudioVersion = 10.0.40219.1
Project("{FAE04EC0-301F-11D3-BF4B-00C04F79EFBC}") = "CalcutatorUsingGenric", "CalcutatorUsingGenric.csproj", "{9CEFE968-057E-457A-B10B-E016DE2C5A15}"
EndProject
Global
	GlobalSection(SolutionConfigurationPlatforms) = preSolution
		Debug|Any CPU = Debug|Any CPU
		Release|Any CPU = Release|Any CPU
	EndGlobalSection
	GlobalSection(ProjectConfigurationPlatforms) = postSolution
		{9CEFE968-057E-457A-B10B-E016DE2C5A15}.Debug|Any CPU.ActiveCfg = Debug|Any CPU
		{9CEFE968-057E-457A-B10B-E016DE2C5A15}.Debug|Any CPU.Build.0 = Debug|Any CPU
		{9CEFE968-057E-457A-B10B-E016DE2C5A15}.Release|Any CPU.ActiveCfg = Release|Any CPU
		{9CEFE968-057E-457A-B10B-E016DE2C5A15}.Release|Any CPU.Build.0 = Release|Any CPU
	EndGlobalSection
	GlobalSection(SolutionProperties) = preSolution
		HideSolutionNode = FALSE
	EndGlobalSection
	GlobalSection(ExtensibilityGlobals) = postSolution
		SolutionGuid = {CDC9D1E9-DE3C-4FCB-B2D0-459DF4065321}
	EndGlobalSection
EndGlobal
